
Microsoft Visual Studio Solution File, Format Version 12.00
# Visual Studio Version 17
VisualStudioVersion = 17.12.35527.113
MinimumVisualStudioVersion = 10.0.40219.1
Project("{FAE04EC0-301F-11D3-BF4B-00C04F79EFBC}") = "Booking.Api", "Booking.Api\Booking.Api.csproj", "{A121BF26-392E-426B-9678-187A0E109937}"
EndProject
Project("{FAE04EC0-301F-11D3-BF4B-00C04F79EFBC}") = "Domain", "Domain\Domain.csproj", "{4E16F279-6E0B-461C-8556-352CF0D890D6}"
EndProject
Project("{FAE04EC0-301F-11D3-BF4B-00C04F79EFBC}") = "Infrastructure", "Infrastructure\Infrastructure.csproj", "{49147F9D-24C4-47A9-A83E-CD04F96440C1}"
EndProject
Project("{FAE04EC0-301F-11D3-BF4B-00C04F79EFBC}") = "Application", "Application\Application.csproj", "{0E273084-7808-4579-9C4A-A903E2C3542C}"
EndProject
Global
	GlobalSection(SolutionConfigurationPlatforms) = preSolution
		Debug|Any CPU = Debug|Any CPU
		Release|Any CPU = Release|Any CPU
	EndGlobalSection
	GlobalSection(ProjectConfigurationPlatforms) = postSolution
		{A121BF26-392E-426B-9678-187A0E109937}.Debug|Any CPU.ActiveCfg = Debug|Any CPU
		{A121BF26-392E-426B-9678-187A0E109937}.Debug|Any CPU.Build.0 = Debug|Any CPU
		{A121BF26-392E-426B-9678-187A0E109937}.Release|Any CPU.ActiveCfg = Release|Any CPU
		{A121BF26-392E-426B-9678-187A0E109937}.Release|Any CPU.Build.0 = Release|Any CPU
		{4E16F279-6E0B-461C-8556-352CF0D890D6}.Debug|Any CPU.ActiveCfg = Debug|Any CPU
		{4E16F279-6E0B-461C-8556-352CF0D890D6}.Debug|Any CPU.Build.0 = Debug|Any CPU
		{4E16F279-6E0B-461C-8556-352CF0D890D6}.Release|Any CPU.ActiveCfg = Release|Any CPU
		{4E16F279-6E0B-461C-8556-352CF0D890D6}.Release|Any CPU.Build.0 = Release|Any CPU
		{49147F9D-24C4-47A9-A83E-CD04F96440C1}.Debug|Any CPU.ActiveCfg = Debug|Any CPU
		{49147F9D-24C4-47A9-A83E-CD04F96440C1}.Debug|Any CPU.Build.0 = Debug|Any CPU
		{49147F9D-24C4-47A9-A83E-CD04F96440C1}.Release|Any CPU.ActiveCfg = Release|Any CPU
		{49147F9D-24C4-47A9-A83E-CD04F96440C1}.Release|Any CPU.Build.0 = Release|Any CPU
		{0E273084-7808-4579-9C4A-A903E2C3542C}.Debug|Any CPU.ActiveCfg = Debug|Any CPU
		{0E273084-7808-4579-9C4A-A903E2C3542C}.Debug|Any CPU.Build.0 = Debug|Any CPU
		{0E273084-7808-4579-9C4A-A903E2C3542C}.Release|Any CPU.ActiveCfg = Release|Any CPU
		{0E273084-7808-4579-9C4A-A903E2C3542C}.Release|Any CPU.Build.0 = Release|Any CPU
		{9BD6CFCD-5C6D-4210-BD72-6FCBB4CE1517}.Debug|Any CPU.ActiveCfg = Debug|Any CPU
		{9BD6CFCD-5C6D-4210-BD72-6FCBB4CE1517}.Debug|Any CPU.Build.0 = Debug|Any CPU
		{9BD6CFCD-5C6D-4210-BD72-6FCBB4CE1517}.Release|Any CPU.ActiveCfg = Release|Any CPU
		{9BD6CFCD-5C6D-4210-BD72-6FCBB4CE1517}.Release|Any CPU.Build.0 = Release|Any CPU
	EndGlobalSection
	GlobalSection(SolutionProperties) = preSolution
		HideSolutionNode = FALSE
	EndGlobalSection
EndGlobal
